
Microsoft Visual Studio Solution File, Format Version 12.00
# Visual Studio Version 17
VisualStudioVersion = 17.0.31903.59
MinimumVisualStudioVersion = 10.0.40219.1
Project("{FAE04EC0-301F-11D3-BF4B-00C04F79EFBC}") = "hello-dotnet", "hello-dotnet\hello-dotnet.csproj", "{18767190-B6AA-421F-8584-197607892EA5}"
EndProject
Project("{FAE04EC0-301F-11D3-BF4B-00C04F79EFBC}") = "hello-dotnet.tests", "hello-dotnet.tests\hello-dotnet.tests.csproj", "{3BACFEF0-E7E9-4A4C-8F76-428E602774B4}"
EndProject
Global
	GlobalSection(SolutionConfigurationPlatforms) = preSolution
		Debug|Any CPU = Debug|Any CPU
		Release|Any CPU = Release|Any CPU
	EndGlobalSection
	GlobalSection(SolutionProperties) = preSolution
		HideSolutionNode = FALSE
	EndGlobalSection
	GlobalSection(ProjectConfigurationPlatforms) = postSolution
		{18767190-B6AA-421F-8584-197607892EA5}.Debug|Any CPU.ActiveCfg = Debug|Any CPU
		{18767190-B6AA-421F-8584-197607892EA5}.Debug|Any CPU.Build.0 = Debug|Any CPU
		{18767190-B6AA-421F-8584-197607892EA5}.Release|Any CPU.ActiveCfg = Release|Any CPU
		{18767190-B6AA-421F-8584-197607892EA5}.Release|Any CPU.Build.0 = Release|Any CPU
		{3BACFEF0-E7E9-4A4C-8F76-428E602774B4}.Debug|Any CPU.ActiveCfg = Debug|Any CPU
		{3BACFEF0-E7E9-4A4C-8F76-428E602774B4}.Debug|Any CPU.Build.0 = Debug|Any CPU
		{3BACFEF0-E7E9-4A4C-8F76-428E602774B4}.Release|Any CPU.ActiveCfg = Release|Any CPU
		{3BACFEF0-E7E9-4A4C-8F76-428E602774B4}.Release|Any CPU.Build.0 = Release|Any CPU
	EndGlobalSection
EndGlobal
